
Microsoft Visual Studio Solution File, Format Version 12.00
# Visual Studio Version 17
VisualStudioVersion = 17.5.33103.201
MinimumVisualStudioVersion = 10.0.40219.1
Project("{FAE04EC0-301F-11D3-BF4B-00C04F79EFBC}") = "InforIonApiDemo", "InforIonApiDemo\InforIonApiDemo.csproj", "{3F28B161-86B4-4D77-B4B5-93FA121538FA}"
EndProject
Global
	GlobalSection(SolutionConfigurationPlatforms) = preSolution
		Debug|Any CPU = Debug|Any CPU
		Release|Any CPU = Release|Any CPU
	EndGlobalSection
	GlobalSection(ProjectConfigurationPlatforms) = postSolution
		{3F28B161-86B4-4D77-B4B5-93FA121538FA}.Debug|Any CPU.ActiveCfg = Debug|Any CPU
		{3F28B161-86B4-4D77-B4B5-93FA121538FA}.Debug|Any CPU.Build.0 = Debug|Any CPU
		{3F28B161-86B4-4D77-B4B5-93FA121538FA}.Release|Any CPU.ActiveCfg = Release|Any CPU
		{3F28B161-86B4-4D77-B4B5-93FA121538FA}.Release|Any CPU.Build.0 = Release|Any CPU
	EndGlobalSection
	GlobalSection(SolutionProperties) = preSolution
		HideSolutionNode = FALSE
	EndGlobalSection
	GlobalSection(ExtensibilityGlobals) = postSolution
		SolutionGuid = {579BCB6E-25EE-4E15-9898-253CE504D1F1}
	EndGlobalSection
EndGlobal
